// !$*UTF8*$!
{
	archiveVersion = 1;
	classes = {
	};
	objectVersion = 48;
	objects = {

/* Begin PBXBuildFile section */
		0F9910652268E3C6002FF5F6 /* top10ViewController.swift in Sources */ = {isa = PBXBuildFile; fileRef = 0F9910642268E3C6002FF5F6 /* top10ViewController.swift */; };
		0FC1F23F2267C07000326AF3 /* pew.mp3 in Resources */ = {isa = PBXBuildFile; fileRef = 0FC1F23E2267C07000326AF3 /* pew.mp3 */; };
		0FC1F2432267D4FF00326AF3 /* Player.swift in Sources */ = {isa = PBXBuildFile; fileRef = 0FC1F2422267D4FF00326AF3 /* Player.swift */; };
		0FCFD454225D294100D9A167 /* AppDelegate.swift in Sources */ = {isa = PBXBuildFile; fileRef = 0FCFD453225D294100D9A167 /* AppDelegate.swift */; };
		0FCFD456225D294100D9A167 /* GameScene.sks in Resources */ = {isa = PBXBuildFile; fileRef = 0FCFD455225D294100D9A167 /* GameScene.sks */; };
		0FCFD458225D294100D9A167 /* Actions.sks in Resources */ = {isa = PBXBuildFile; fileRef = 0FCFD457225D294100D9A167 /* Actions.sks */; };
		0FCFD45A225D294100D9A167 /* GameScene.swift in Sources */ = {isa = PBXBuildFile; fileRef = 0FCFD459225D294100D9A167 /* GameScene.swift */; };
		0FCFD45C225D294100D9A167 /* GameViewController.swift in Sources */ = {isa = PBXBuildFile; fileRef = 0FCFD45B225D294100D9A167 /* GameViewController.swift */; };
		0FCFD45F225D294100D9A167 /* Main.storyboard in Resources */ = {isa = PBXBuildFile; fileRef = 0FCFD45D225D294100D9A167 /* Main.storyboard */; };
		0FCFD461225D294200D9A167 /* Assets.xcassets in Resources */ = {isa = PBXBuildFile; fileRef = 0FCFD460225D294200D9A167 /* Assets.xcassets */; };
		0FCFD464225D294200D9A167 /* LaunchScreen.storyboard in Resources */ = {isa = PBXBuildFile; fileRef = 0FCFD462225D294200D9A167 /* LaunchScreen.storyboard */; };
		0FCFD489225D296500D9A167 /* Model.xcdatamodeld in Sources */ = {isa = PBXBuildFile; fileRef = 0FCFD487225D296500D9A167 /* Model.xcdatamodeld */; };
		0FCFD48F225D2BEE00D9A167 /* MainViewController.swift in Sources */ = {isa = PBXBuildFile; fileRef = 0FCFD48E225D2BEE00D9A167 /* MainViewController.swift */; };
		0FCFD493225D2C2000D9A167 /* SignUpViewController.swift in Sources */ = {isa = PBXBuildFile; fileRef = 0FCFD492225D2C2000D9A167 /* SignUpViewController.swift */; };
		153EB3BD228F29A70010DB6B /* Default-568h@2x.png in Resources */ = {isa = PBXBuildFile; fileRef = 153EB3BC228F29A70010DB6B /* Default-568h@2x.png */; };
/* End PBXBuildFile section */

/* Begin PBXContainerItemProxy section */
		0FCFD46B225D294200D9A167 /* PBXContainerItemProxy */ = {
			isa = PBXContainerItemProxy;
			containerPortal = 0FCFD448225D294000D9A167 /* Project object */;
			proxyType = 1;
			remoteGlobalIDString = 0FCFD44F225D294100D9A167;
			remoteInfo = FinalProjectIOS;
		};
		0FCFD476225D294200D9A167 /* PBXContainerItemProxy */ = {
			isa = PBXContainerItemProxy;
			containerPortal = 0FCFD448225D294000D9A167 /* Project object */;
			proxyType = 1;
			remoteGlobalIDString = 0FCFD44F225D294100D9A167;
			remoteInfo = FinalProjectIOS;
		};
/* End PBXContainerItemProxy section */

/* Begin PBXFileReference section */
		0F9910642268E3C6002FF5F6 /* top10ViewController.swift */ = {isa = PBXFileReference; lastKnownFileType = sourcecode.swift; path = top10ViewController.swift; sourceTree = "<group>"; };
		0FC1F23E2267C07000326AF3 /* pew.mp3 */ = {isa = PBXFileReference; lastKnownFileType = audio.mp3; path = pew.mp3; sourceTree = "<group>"; };
		0FC1F2422267D4FF00326AF3 /* Player.swift */ = {isa = PBXFileReference; lastKnownFileType = sourcecode.swift; path = Player.swift; sourceTree = "<group>"; };
		0FCFD450225D294100D9A167 /* InvaderGame.app */ = {isa = PBXFileReference; explicitFileType = wrapper.application; includeInIndex = 0; path = InvaderGame.app; sourceTree = BUILT_PRODUCTS_DIR; };
		0FCFD453225D294100D9A167 /* AppDelegate.swift */ = {isa = PBXFileReference; lastKnownFileType = sourcecode.swift; path = AppDelegate.swift; sourceTree = "<group>"; };
		0FCFD455225D294100D9A167 /* GameScene.sks */ = {isa = PBXFileReference; lastKnownFileType = file.sks; path = GameScene.sks; sourceTree = "<group>"; };
		0FCFD457225D294100D9A167 /* Actions.sks */ = {isa = PBXFileReference; lastKnownFileType = file.sks; path = Actions.sks; sourceTree = "<group>"; };
		0FCFD459225D294100D9A167 /* GameScene.swift */ = {isa = PBXFileReference; lastKnownFileType = sourcecode.swift; path = GameScene.swift; sourceTree = "<group>"; };
		0FCFD45B225D294100D9A167 /* GameViewController.swift */ = {isa = PBXFileReference; lastKnownFileType = sourcecode.swift; path = GameViewController.swift; sourceTree = "<group>"; };
		0FCFD45E225D294100D9A167 /* Base */ = {isa = PBXFileReference; lastKnownFileType = file.storyboard; name = Base; path = Base.lproj/Main.storyboard; sourceTree = "<group>"; };
		0FCFD460225D294200D9A167 /* Assets.xcassets */ = {isa = PBXFileReference; lastKnownFileType = folder.assetcatalog; path = Assets.xcassets; sourceTree = "<group>"; };
		0FCFD463225D294200D9A167 /* Base */ = {isa = PBXFileReference; lastKnownFileType = file.storyboard; name = Base; path = Base.lproj/LaunchScreen.storyboard; sourceTree = "<group>"; };
		0FCFD465225D294200D9A167 /* Info.plist */ = {isa = PBXFileReference; lastKnownFileType = text.plist.xml; path = Info.plist; sourceTree = "<group>"; };
		0FCFD46A225D294200D9A167 /* InvaderGameTests.xctest */ = {isa = PBXFileReference; explicitFileType = wrapper.cfbundle; includeInIndex = 0; path = InvaderGameTests.xctest; sourceTree = BUILT_PRODUCTS_DIR; };
		0FCFD475225D294200D9A167 /* InvaderGameUITests.xctest */ = {isa = PBXFileReference; explicitFileType = wrapper.cfbundle; includeInIndex = 0; path = InvaderGameUITests.xctest; sourceTree = BUILT_PRODUCTS_DIR; };
		0FCFD488225D296500D9A167 /* Model.xcdatamodel */ = {isa = PBXFileReference; lastKnownFileType = wrapper.xcdatamodel; path = Model.xcdatamodel; sourceTree = "<group>"; };
		0FCFD48E225D2BEE00D9A167 /* MainViewController.swift */ = {isa = PBXFileReference; lastKnownFileType = sourcecode.swift; path = MainViewController.swift; sourceTree = "<group>"; };
		0FCFD492225D2C2000D9A167 /* SignUpViewController.swift */ = {isa = PBXFileReference; lastKnownFileType = sourcecode.swift; path = SignUpViewController.swift; sourceTree = "<group>"; };
		153EB3BC228F29A70010DB6B /* Default-568h@2x.png */ = {isa = PBXFileReference; lastKnownFileType = image.png; path = "Default-568h@2x.png"; sourceTree = "<group>"; };
/* End PBXFileReference section */

/* Begin PBXFrameworksBuildPhase section */
		0FCFD44D225D294100D9A167 /* Frameworks */ = {
			isa = PBXFrameworksBuildPhase;
			buildActionMask = 2147483647;
			files = (
			);
			runOnlyForDeploymentPostprocessing = 0;
		};
		0FCFD467225D294200D9A167 /* Frameworks */ = {
			isa = PBXFrameworksBuildPhase;
			buildActionMask = 2147483647;
			files = (
			);
			runOnlyForDeploymentPostprocessing = 0;
		};
		0FCFD472225D294200D9A167 /* Frameworks */ = {
			isa = PBXFrameworksBuildPhase;
			buildActionMask = 2147483647;
			files = (
			);
			runOnlyForDeploymentPostprocessing = 0;
		};
/* End PBXFrameworksBuildPhase section */

/* Begin PBXGroup section */
		0FCFD447225D294000D9A167 = {
			isa = PBXGroup;
			children = (
				153EB3BC228F29A70010DB6B /* Default-568h@2x.png */,
				0FCFD452225D294100D9A167 /* InvaderGame */,
				0FCFD451225D294100D9A167 /* Products */,
			);
			sourceTree = "<group>";
		};
		0FCFD451225D294100D9A167 /* Products */ = {
			isa = PBXGroup;
			children = (
				0FCFD450225D294100D9A167 /* InvaderGame.app */,
				0FCFD46A225D294200D9A167 /* InvaderGameTests.xctest */,
				0FCFD475225D294200D9A167 /* InvaderGameUITests.xctest */,
			);
			name = Products;
			sourceTree = "<group>";
		};
		0FCFD452225D294100D9A167 /* InvaderGame */ = {
			isa = PBXGroup;
			children = (
				0FCFD453225D294100D9A167 /* AppDelegate.swift */,
				0FCFD455225D294100D9A167 /* GameScene.sks */,
				0FCFD457225D294100D9A167 /* Actions.sks */,
				0FCFD459225D294100D9A167 /* GameScene.swift */,
				0FCFD45B225D294100D9A167 /* GameViewController.swift */,
				0FCFD45D225D294100D9A167 /* Main.storyboard */,
				0FC1F23E2267C07000326AF3 /* pew.mp3 */,
				0FCFD460225D294200D9A167 /* Assets.xcassets */,
				0FCFD462225D294200D9A167 /* LaunchScreen.storyboard */,
				0FCFD465225D294200D9A167 /* Info.plist */,
				0FCFD487225D296500D9A167 /* Model.xcdatamodeld */,
				0FCFD48E225D2BEE00D9A167 /* MainViewController.swift */,
				0FCFD492225D2C2000D9A167 /* SignUpViewController.swift */,
				0FC1F2422267D4FF00326AF3 /* Player.swift */,
				0F9910642268E3C6002FF5F6 /* top10ViewController.swift */,
			);
			path = InvaderGame;
			sourceTree = "<group>";
		};
/* End PBXGroup section */

/* Begin PBXNativeTarget section */
		0FCFD44F225D294100D9A167 /* InvaderGame */ = {
			isa = PBXNativeTarget;
			buildConfigurationList = 0FCFD47E225D294200D9A167 /* Build configuration list for PBXNativeTarget "InvaderGame" */;
			buildPhases = (
				0FCFD44C225D294100D9A167 /* Sources */,
				0FCFD44D225D294100D9A167 /* Frameworks */,
				0FCFD44E225D294100D9A167 /* Resources */,
			);
			buildRules = (
			);
			dependencies = (
			);
			name = InvaderGame;
			productName = FinalProjectIOS;
			productReference = 0FCFD450225D294100D9A167 /* InvaderGame.app */;
			productType = "com.apple.product-type.application";
		};
		0FCFD469225D294200D9A167 /* InvaderGameTests */ = {
			isa = PBXNativeTarget;
			buildConfigurationList = 0FCFD481225D294200D9A167 /* Build configuration list for PBXNativeTarget "InvaderGameTests" */;
			buildPhases = (
				0FCFD466225D294200D9A167 /* Sources */,
				0FCFD467225D294200D9A167 /* Frameworks */,
				0FCFD468225D294200D9A167 /* Resources */,
			);
			buildRules = (
			);
			dependencies = (
				0FCFD46C225D294200D9A167 /* PBXTargetDependency */,
			);
			name = InvaderGameTests;
			productName = FinalProjectIOSTests;
			productReference = 0FCFD46A225D294200D9A167 /* InvaderGameTests.xctest */;
			productType = "com.apple.product-type.bundle.unit-test";
		};
		0FCFD474225D294200D9A167 /* InvaderGameUITests */ = {
			isa = PBXNativeTarget;
			buildConfigurationList = 0FCFD484225D294200D9A167 /* Build configuration list for PBXNativeTarget "InvaderGameUITests" */;
			buildPhases = (
				0FCFD471225D294200D9A167 /* Sources */,
				0FCFD472225D294200D9A167 /* Frameworks */,
				0FCFD473225D294200D9A167 /* Resources */,
			);
			buildRules = (
			);
			dependencies = (
				0FCFD477225D294200D9A167 /* PBXTargetDependency */,
			);
			name = InvaderGameUITests;
			productName = FinalProjectIOSUITests;
			productReference = 0FCFD475225D294200D9A167 /* InvaderGameUITests.xctest */;
			productType = "com.apple.product-type.bundle.ui-testing";
		};
/* End PBXNativeTarget section */

/* Begin PBXProject section */
		0FCFD448225D294000D9A167 /* Project object */ = {
			isa = PBXProject;
			attributes = {
				LastSwiftUpdateCheck = 1010;
				LastUpgradeCheck = 1010;
				ORGANIZATIONNAME = dev;
				TargetAttributes = {
					0FCFD44F225D294100D9A167 = {
						CreatedOnToolsVersion = 10.1;
						ProvisioningStyle = Automatic;
					};
					0FCFD469225D294200D9A167 = {
						CreatedOnToolsVersion = 10.1;
						ProvisioningStyle = Automatic;
						TestTargetID = 0FCFD44F225D294100D9A167;
					};
					0FCFD474225D294200D9A167 = {
						CreatedOnToolsVersion = 10.1;
						ProvisioningStyle = Automatic;
						TestTargetID = 0FCFD44F225D294100D9A167;
					};
				};
			};
			buildConfigurationList = 0FCFD44B225D294000D9A167 /* Build configuration list for PBXProject "InvaderGame" */;
			compatibilityVersion = "Xcode 8.0";
			developmentRegion = en;
			hasScannedForEncodings = 0;
			knownRegions = (
				en,
				Base,
			);
			mainGroup = 0FCFD447225D294000D9A167;
			productRefGroup = 0FCFD451225D294100D9A167 /* Products */;
			projectDirPath = "";
			projectRoot = "";
			targets = (
				0FCFD44F225D294100D9A167 /* InvaderGame */,
				0FCFD469225D294200D9A167 /* InvaderGameTests */,
				0FCFD474225D294200D9A167 /* InvaderGameUITests */,
			);
		};
/* End PBXProject section */

/* Begin PBXResourcesBuildPhase section */
		0FCFD44E225D294100D9A167 /* Resources */ = {
			isa = PBXResourcesBuildPhase;
			buildActionMask = 2147483647;
			files = (
				0FCFD45F225D294100D9A167 /* Main.storyboard in Resources */,
				0FCFD456225D294100D9A167 /* GameScene.sks in Resources */,
				0FCFD461225D294200D9A167 /* Assets.xcassets in Resources */,
				0FC1F23F2267C07000326AF3 /* pew.mp3 in Resources */,
				0FCFD464225D294200D9A167 /* LaunchScreen.storyboard in Resources */,
				153EB3BD228F29A70010DB6B /* Default-568h@2x.png in Resources */,
				0FCFD458225D294100D9A167 /* Actions.sks in Resources */,
			);
			runOnlyForDeploymentPostprocessing = 0;
		};
		0FCFD468225D294200D9A167 /* Resources */ = {
			isa = PBXResourcesBuildPhase;
			buildActionMask = 2147483647;
			files = (
			);
			runOnlyForDeploymentPostprocessing = 0;
		};
		0FCFD473225D294200D9A167 /* Resources */ = {
			isa = PBXResourcesBuildPhase;
			buildActionMask = 2147483647;
			files = (
			);
			runOnlyForDeploymentPostprocessing = 0;
		};
/* End PBXResourcesBuildPhase section */

/* Begin PBXSourcesBuildPhase section */
		0FCFD44C225D294100D9A167 /* Sources */ = {
			isa = PBXSourcesBuildPhase;
			buildActionMask = 2147483647;
			files = (
				0FCFD45A225D294100D9A167 /* GameScene.swift in Sources */,
				0FCFD493225D2C2000D9A167 /* SignUpViewController.swift in Sources */,
				0F9910652268E3C6002FF5F6 /* top10ViewController.swift in Sources */,
				0FCFD45C225D294100D9A167 /* GameViewController.swift in Sources */,
				0FCFD454225D294100D9A167 /* AppDelegate.swift in Sources */,
				0FCFD489225D296500D9A167 /* Model.xcdatamodeld in Sources */,
				0FC1F2432267D4FF00326AF3 /* Player.swift in Sources */,
				0FCFD48F225D2BEE00D9A167 /* MainViewController.swift in Sources */,
			);
			runOnlyForDeploymentPostprocessing = 0;
		};
		0FCFD466225D294200D9A167 /* Sources */ = {
			isa = PBXSourcesBuildPhase;
			buildActionMask = 2147483647;
			files = (
			);
			runOnlyForDeploymentPostprocessing = 0;
		};
		0FCFD471225D294200D9A167 /* Sources */ = {
			isa = PBXSourcesBuildPhase;
			buildActionMask = 2147483647;
			files = (
			);
			runOnlyForDeploymentPostprocessing = 0;
		};
/* End PBXSourcesBuildPhase section */

/* Begin PBXTargetDependency section */
		0FCFD46C225D294200D9A167 /* PBXTargetDependency */ = {
			isa = PBXTargetDependency;
			target = 0FCFD44F225D294100D9A167 /* InvaderGame */;
			targetProxy = 0FCFD46B225D294200D9A167 /* PBXContainerItemProxy */;
		};
		0FCFD477225D294200D9A167 /* PBXTargetDependency */ = {
			isa = PBXTargetDependency;
			target = 0FCFD44F225D294100D9A167 /* InvaderGame */;
			targetProxy = 0FCFD476225D294200D9A167 /* PBXContainerItemProxy */;
		};
/* End PBXTargetDependency section */

/* Begin PBXVariantGroup section */
		0FCFD45D225D294100D9A167 /* Main.storyboard */ = {
			isa = PBXVariantGroup;
			children = (
				0FCFD45E225D294100D9A167 /* Base */,
			);
			name = Main.storyboard;
			sourceTree = "<group>";
		};
		0FCFD462225D294200D9A167 /* LaunchScreen.storyboard */ = {
			isa = PBXVariantGroup;
			children = (
				0FCFD463225D294200D9A167 /* Base */,
			);
			name = LaunchScreen.storyboard;
			sourceTree = "<group>";
		};
/* End PBXVariantGroup section */

/* Begin XCBuildConfiguration section */
		0FCFD47C225D294200D9A167 /* Debug */ = {
			isa = XCBuildConfiguration;
			buildSettings = {
				ALWAYS_SEARCH_USER_PATHS = NO;
				CLANG_ANALYZER_NONNULL = YES;
				CLANG_ANALYZER_NUMBER_OBJECT_CONVERSION = YES_AGGRESSIVE;
				CLANG_CXX_LANGUAGE_STANDARD = "gnu++14";
				CLANG_CXX_LIBRARY = "libc++";
				CLANG_ENABLE_MODULES = YES;
				CLANG_ENABLE_OBJC_ARC = YES;
				CLANG_ENABLE_OBJC_WEAK = YES;
				CLANG_WARN_BLOCK_CAPTURE_AUTORELEASING = YES;
				CLANG_WARN_BOOL_CONVERSION = YES;
				CLANG_WARN_COMMA = YES;
				CLANG_WARN_CONSTANT_CONVERSION = YES;
				CLANG_WARN_DEPRECATED_OBJC_IMPLEMENTATIONS = YES;
				CLANG_WARN_DIRECT_OBJC_ISA_USAGE = YES_ERROR;
				CLANG_WARN_DOCUMENTATION_COMMENTS = YES;
				CLANG_WARN_EMPTY_BODY = YES;
				CLANG_WARN_ENUM_CONVERSION = YES;
				CLANG_WARN_INFINITE_RECURSION = YES;
				CLANG_WARN_INT_CONVERSION = YES;
				CLANG_WARN_NON_LITERAL_NULL_CONVERSION = YES;
				CLANG_WARN_OBJC_IMPLICIT_RETAIN_SELF = YES;
				CLANG_WARN_OBJC_LITERAL_CONVERSION = YES;
				CLANG_WARN_OBJC_ROOT_CLASS = YES_ERROR;
				CLANG_WARN_RANGE_LOOP_ANALYSIS = YES;
				CLANG_WARN_STRICT_PROTOTYPES = YES;
				CLANG_WARN_SUSPICIOUS_MOVE = YES;
				CLANG_WARN_UNGUARDED_AVAILABILITY = YES_AGGRESSIVE;
				CLANG_WARN_UNREACHABLE_CODE = YES;
				CLANG_WARN__DUPLICATE_METHOD_MATCH = YES;
				CODE_SIGN_IDENTITY = "iPhone Developer";
				COPY_PHASE_STRIP = NO;
				DEBUG_INFORMATION_FORMAT = dwarf;
				ENABLE_STRICT_OBJC_MSGSEND = YES;
				ENABLE_TESTABILITY = YES;
				GCC_C_LANGUAGE_STANDARD = gnu11;
				GCC_DYNAMIC_NO_PIC = NO;
				GCC_NO_COMMON_BLOCKS = YES;
				GCC_OPTIMIZATION_LEVEL = 0;
				GCC_PREPROCESSOR_DEFINITIONS = (
					"DEBUG=1",
					"$(inherited)",
				);
				GCC_WARN_64_TO_32_BIT_CONVERSION = YES;
				GCC_WARN_ABOUT_RETURN_TYPE = YES_ERROR;
				GCC_WARN_UNDECLARED_SELECTOR = YES;
				GCC_WARN_UNINITIALIZED_AUTOS = YES_AGGRESSIVE;
				GCC_WARN_UNUSED_FUNCTION = YES;
				GCC_WARN_UNUSED_VARIABLE = YES;
				IPHONEOS_DEPLOYMENT_TARGET = 12.1;
				MTL_ENABLE_DEBUG_INFO = INCLUDE_SOURCE;
				MTL_FAST_MATH = YES;
				ONLY_ACTIVE_ARCH = YES;
				SDKROOT = iphoneos;
				SWIFT_ACTIVE_COMPILATION_CONDITIONS = DEBUG;
				SWIFT_OPTIMIZATION_LEVEL = "-Onone";
			};
			name = Debug;
		};
		0FCFD47D225D294200D9A167 /* Release */ = {
			isa = XCBuildConfiguration;
			buildSettings = {
				ALWAYS_SEARCH_USER_PATHS = NO;
				CLANG_ANALYZER_NONNULL = YES;
				CLANG_ANALYZER_NUMBER_OBJECT_CONVERSION = YES_AGGRESSIVE;
				CLANG_CXX_LANGUAGE_STANDARD = "gnu++14";
				CLANG_CXX_LIBRARY = "libc++";
				CLANG_ENABLE_MODULES = YES;
				CLANG_ENABLE_OBJC_ARC = YES;
				CLANG_ENABLE_OBJC_WEAK = YES;
				CLANG_WARN_BLOCK_CAPTURE_AUTORELEASING = YES;
				CLANG_WARN_BOOL_CONVERSION = YES;
				CLANG_WARN_COMMA = YES;
				CLANG_WARN_CONSTANT_CONVERSION = YES;
				CLANG_WARN_DEPRECATED_OBJC_IMPLEMENTATIONS = YES;
				CLANG_WARN_DIRECT_OBJC_ISA_USAGE = YES_ERROR;
				CLANG_WARN_DOCUMENTATION_COMMENTS = YES;
				CLANG_WARN_EMPTY_BODY = YES;
				CLANG_WARN_ENUM_CONVERSION = YES;
				CLANG_WARN_INFINITE_RECURSION = YES;
				CLANG_WARN_INT_CONVERSION = YES;
				CLANG_WARN_NON_LITERAL_NULL_CONVERSION = YES;
				CLANG_WARN_OBJC_IMPLICIT_RETAIN_SELF = YES;
				CLANG_WARN_OBJC_LITERAL_CONVERSION = YES;
				CLANG_WARN_OBJC_ROOT_CLASS = YES_ERROR;
				CLANG_WARN_RANGE_LOOP_ANALYSIS = YES;
				CLANG_WARN_STRICT_PROTOTYPES = YES;
				CLANG_WARN_SUSPICIOUS_MOVE = YES;
				CLANG_WARN_UNGUARDED_AVAILABILITY = YES_AGGRESSIVE;
				CLANG_WARN_UNREACHABLE_CODE = YES;
				CLANG_WARN__DUPLICATE_METHOD_MATCH = YES;
				CODE_SIGN_IDENTITY = "iPhone Developer";
				COPY_PHASE_STRIP = NO;
				DEBUG_INFORMATION_FORMAT = "dwarf-with-dsym";
				ENABLE_NS_ASSERTIONS = NO;
				ENABLE_STRICT_OBJC_MSGSEND = YES;
				GCC_C_LANGUAGE_STANDARD = gnu11;
				GCC_NO_COMMON_BLOCKS = YES;
				GCC_WARN_64_TO_32_BIT_CONVERSION = YES;
				GCC_WARN_ABOUT_RETURN_TYPE = YES_ERROR;
				GCC_WARN_UNDECLARED_SELECTOR = YES;
				GCC_WARN_UNINITIALIZED_AUTOS = YES_AGGRESSIVE;
				GCC_WARN_UNUSED_FUNCTION = YES;
				GCC_WARN_UNUSED_VARIABLE = YES;
				IPHONEOS_DEPLOYMENT_TARGET = 12.1;
				MTL_ENABLE_DEBUG_INFO = NO;
				MTL_FAST_MATH = YES;
				SDKROOT = iphoneos;
				SWIFT_OPTIMIZATION_LEVEL = "-Owholemodule";
				VALIDATE_PRODUCT = YES;
			};
			name = Release;
		};
		0FCFD47F225D294200D9A167 /* Debug */ = {
			isa = XCBuildConfiguration;
			buildSettings = {
				ASSETCATALOG_COMPILER_APPICON_NAME = AppIcon;
				CODE_SIGN_STYLE = Automatic;
				INFOPLIST_FILE = "$(SRCROOT)/InvaderGame/Info.plist";
				IPHONEOS_DEPLOYMENT_TARGET = 12.0;
				LD_RUNPATH_SEARCH_PATHS = "$(inherited) @executable_path/Frameworks";
				PRODUCT_BUNDLE_IDENTIFIER = "-33.FinalProjectIOS";
				PRODUCT_NAME = "$(TARGET_NAME)";
				SWIFT_VERSION = 4.2;
				TARGETED_DEVICE_FAMILY = "1,2";
			};
			name = Debug;
		};
		0FCFD480225D294200D9A167 /* Release */ = {
			isa = XCBuildConfiguration;
			buildSettings = {
				ASSETCATALOG_COMPILER_APPICON_NAME = AppIcon;
				CODE_SIGN_STYLE = Automatic;
				INFOPLIST_FILE = "$(SRCROOT)/InvaderGame/Info.plist";
				IPHONEOS_DEPLOYMENT_TARGET = 12.0;
				LD_RUNPATH_SEARCH_PATHS = "$(inherited) @executable_path/Frameworks";
				PRODUCT_BUNDLE_IDENTIFIER = "-33.FinalProjectIOS";
				PRODUCT_NAME = "$(TARGET_NAME)";
				SWIFT_VERSION = 4.2;
				TARGETED_DEVICE_FAMILY = "1,2";
			};
			name = Release;
		};
		0FCFD482225D294200D9A167 /* Debug */ = {
			isa = XCBuildConfiguration;
			buildSettings = {
				ALWAYS_EMBED_SWIFT_STANDARD_LIBRARIES = YES;
				BUNDLE_LOADER = "$(TEST_HOST)";
				CODE_SIGN_STYLE = Automatic;
				INFOPLIST_FILE = FinalProjectIOSTests/Info.plist;
				LD_RUNPATH_SEARCH_PATHS = "$(inherited) @executable_path/Frameworks @loader_path/Frameworks";
				PRODUCT_BUNDLE_IDENTIFIER = "-33.FinalProjectIOSTests";
				PRODUCT_NAME = "$(TARGET_NAME)";
				SWIFT_VERSION = 4.2;
				TARGETED_DEVICE_FAMILY = "1,2";
				TEST_HOST = "$(BUILT_PRODUCTS_DIR)/InvaderGame.app/InvaderGame";
			};
			name = Debug;
		};
		0FCFD483225D294200D9A167 /* Release */ = {
			isa = XCBuildConfiguration;
			buildSettings = {
				ALWAYS_EMBED_SWIFT_STANDARD_LIBRARIES = YES;
				BUNDLE_LOADER = "$(TEST_HOST)";
				CODE_SIGN_STYLE = Automatic;
				INFOPLIST_FILE = FinalProjectIOSTests/Info.plist;
				LD_RUNPATH_SEARCH_PATHS = "$(inherited) @executable_path/Frameworks @loader_path/Frameworks";
				PRODUCT_BUNDLE_IDENTIFIER = "-33.FinalProjectIOSTests";
				PRODUCT_NAME = "$(TARGET_NAME)";
				SWIFT_VERSION = 4.2;
				TARGETED_DEVICE_FAMILY = "1,2";
				TEST_HOST = "$(BUILT_PRODUCTS_DIR)/InvaderGame.app/InvaderGame";
			};
			name = Release;
		};
		0FCFD485225D294200D9A167 /* Debug */ = {
			isa = XCBuildConfiguration;
			buildSettings = {
				ALWAYS_EMBED_SWIFT_STANDARD_LIBRARIES = YES;
				CODE_SIGN_STYLE = Automatic;
				INFOPLIST_FILE = FinalProjectIOSUITests/Info.plist;
				LD_RUNPATH_SEARCH_PATHS = "$(inherited) @executable_path/Frameworks @loader_path/Frameworks";
				PRODUCT_BUNDLE_IDENTIFIER = "-33.FinalProjectIOSUITests";
				PRODUCT_NAME = "$(TARGET_NAME)";
				SWIFT_VERSION = 4.2;
				TARGETED_DEVICE_FAMILY = "1,2";
				TEST_TARGET_NAME = FinalProjectIOS;
			};
			name = Debug;
		};
		0FCFD486225D294200D9A167 /* Release */ = {
			isa = XCBuildConfiguration;
			buildSettings = {
				ALWAYS_EMBED_SWIFT_STANDARD_LIBRARIES = YES;
				CODE_SIGN_STYLE = Automatic;
				INFOPLIST_FILE = FinalProjectIOSUITests/Info.plist;
				LD_RUNPATH_SEARCH_PATHS = "$(inherited) @executable_path/Frameworks @loader_path/Frameworks";
				PRODUCT_BUNDLE_IDENTIFIER = "-33.FinalProjectIOSUITests";
				PRODUCT_NAME = "$(TARGET_NAME)";
				SWIFT_VERSION = 4.2;
				TARGETED_DEVICE_FAMILY = "1,2";
				TEST_TARGET_NAME = FinalProjectIOS;
			};
			name = Release;
		};
/* End XCBuildConfiguration section */

/* Begin XCConfigurationList section */
		0FCFD44B225D294000D9A167 /* Build configuration list for PBXProject "InvaderGame" */ = {
			isa = XCConfigurationList;
			buildConfigurations = (
				0FCFD47C225D294200D9A167 /* Debug */,
				0FCFD47D225D294200D9A167 /* Release */,
			);
			defaultConfigurationIsVisible = 0;
			defaultConfigurationName = Release;
		};
		0FCFD47E225D294200D9A167 /* Build configuration list for PBXNativeTarget "InvaderGame" */ = {
			isa = XCConfigurationList;
			buildConfigurations = (
				0FCFD47F225D294200D9A167 /* Debug */,
				0FCFD480225D294200D9A167 /* Release */,
			);
			defaultConfigurationIsVisible = 0;
			defaultConfigurationName = Release;
		};
		0FCFD481225D294200D9A167 /* Build configuration list for PBXNativeTarget "InvaderGameTests" */ = {
			isa = XCConfigurationList;
			buildConfigurations = (
				0FCFD482225D294200D9A167 /* Debug */,
				0FCFD483225D294200D9A167 /* Release */,
			);
			defaultConfigurationIsVisible = 0;
			defaultConfigurationName = Release;
		};
		0FCFD484225D294200D9A167 /* Build configuration list for PBXNativeTarget "InvaderGameUITests" */ = {
			isa = XCConfigurationList;
			buildConfigurations = (
				0FCFD485225D294200D9A167 /* Debug */,
				0FCFD486225D294200D9A167 /* Release */,
			);
			defaultConfigurationIsVisible = 0;
			defaultConfigurationName = Release;
		};
/* End XCConfigurationList section */

/* Begin XCVersionGroup section */
		0FCFD487225D296500D9A167 /* Model.xcdatamodeld */ = {
			isa = XCVersionGroup;
			children = (
				0FCFD488225D296500D9A167 /* Model.xcdatamodel */,
			);
			currentVersion = 0FCFD488225D296500D9A167 /* Model.xcdatamodel */;
			path = Model.xcdatamodeld;
			sourceTree = "<group>";
			versionGroupType = wrapper.xcdatamodel;
		};
/* End XCVersionGroup section */
	};
	rootObject = 0FCFD448225D294000D9A167 /* Project object */;
}
